// !$*UTF8*$!
{
	archiveVersion = 1;
	classes = {
	};
	objectVersion = 46;
	objects = {

/* Begin PBXBuildFile section */
		A902DCAF1CBAAB3B008620D1 /* AppDelegate.swift in Sources */ = {isa = PBXBuildFile; fileRef = A902DCAE1CBAAB3B008620D1 /* AppDelegate.swift */; };
		A902DCB11CBAAB3B008620D1 /* ViewController.swift in Sources */ = {isa = PBXBuildFile; fileRef = A902DCB01CBAAB3B008620D1 /* ViewController.swift */; };
		A902DCB31CBAAB3B008620D1 /* Assets.xcassets in Resources */ = {isa = PBXBuildFile; fileRef = A902DCB21CBAAB3B008620D1 /* Assets.xcassets */; };
		A902DCB61CBAAB3B008620D1 /* Main.storyboard in Resources */ = {isa = PBXBuildFile; fileRef = A902DCB41CBAAB3B008620D1 /* Main.storyboard */; };
/* End PBXBuildFile section */

/* Begin PBXFileReference section */
		A902DCAB1CBAAB3B008620D1 /* Peripheral.app */ = {isa = PBXFileReference; explicitFileType = wrapper.application; includeInIndex = 0; path = Peripheral.app; sourceTree = BUILT_PRODUCTS_DIR; };
		A902DCAE1CBAAB3B008620D1 /* AppDelegate.swift */ = {isa = PBXFileReference; lastKnownFileType = sourcecode.swift; path = AppDelegate.swift; sourceTree = "<group>"; };
		A902DCB01CBAAB3B008620D1 /* ViewController.swift */ = {isa = PBXFileReference; lastKnownFileType = sourcecode.swift; path = ViewController.swift; sourceTree = "<group>"; };
		A902DCB21CBAAB3B008620D1 /* Assets.xcassets */ = {isa = PBXFileReference; lastKnownFileType = folder.assetcatalog; path = Assets.xcassets; sourceTree = "<group>"; };
		A902DCB51CBAAB3B008620D1 /* Base */ = {isa = PBXFileReference; lastKnownFileType = file.storyboard; name = Base; path = Base.lproj/Main.storyboard; sourceTree = "<group>"; };
		A902DCB71CBAAB3B008620D1 /* Info.plist */ = {isa = PBXFileReference; lastKnownFileType = text.plist.xml; path = Info.plist; sourceTree = "<group>"; };
/* End PBXFileReference section */

/* Begin PBXFrameworksBuildPhase section */
		A902DCA81CBAAB3B008620D1 /* Frameworks */ = {
			isa = PBXFrameworksBuildPhase;
			buildActionMask = 2147483647;
			files = (
			);
			runOnlyForDeploymentPostprocessing = 0;
		};
/* End PBXFrameworksBuildPhase section */

/* Begin PBXGroup section */
		A902DCA21CBAAB3B008620D1 = {
			isa = PBXGroup;
			children = (
				A902DCAD1CBAAB3B008620D1 /* Peripheral */,
				A902DCAC1CBAAB3B008620D1 /* Products */,
			);
			sourceTree = "<group>";
		};
		A902DCAC1CBAAB3B008620D1 /* Products */ = {
			isa = PBXGroup;
			children = (
				A902DCAB1CBAAB3B008620D1 /* Peripheral.app */,
			);
			name = Products;
			sourceTree = "<group>";
		};
		A902DCAD1CBAAB3B008620D1 /* Peripheral */ = {
			isa = PBXGroup;
			children = (
				A902DCAE1CBAAB3B008620D1 /* AppDelegate.swift */,
				A902DCB01CBAAB3B008620D1 /* ViewController.swift */,
				A902DCB21CBAAB3B008620D1 /* Assets.xcassets */,
				A902DCB41CBAAB3B008620D1 /* Main.storyboard */,
				A902DCB71CBAAB3B008620D1 /* Info.plist */,
			);
			path = Peripheral;
			sourceTree = "<group>";
		};
/* End PBXGroup section */

/* Begin PBXNativeTarget section */
		A902DCAA1CBAAB3B008620D1 /* Peripheral */ = {
			isa = PBXNativeTarget;
			buildConfigurationList = A902DCBA1CBAAB3B008620D1 /* Build configuration list for PBXNativeTarget "Peripheral" */;
			buildPhases = (
				A902DCA71CBAAB3B008620D1 /* Sources */,
				A902DCA81CBAAB3B008620D1 /* Frameworks */,
				A902DCA91CBAAB3B008620D1 /* Resources */,
			);
			buildRules = (
			);
			dependencies = (
			);
			name = Peripheral;
			productName = Peripheral;
			productReference = A902DCAB1CBAAB3B008620D1 /* Peripheral.app */;
			productType = "com.apple.product-type.application";
		};
/* End PBXNativeTarget section */

/* Begin PBXProject section */
		A902DCA31CBAAB3B008620D1 /* Project object */ = {
			isa = PBXProject;
			attributes = {
				LastSwiftUpdateCheck = 0730;
				LastUpgradeCheck = 0730;
				ORGANIZATIONNAME = "Marco Ebert";
				TargetAttributes = {
					A902DCAA1CBAAB3B008620D1 = {
						CreatedOnToolsVersion = 7.3;
					};
				};
			};
			buildConfigurationList = A902DCA61CBAAB3B008620D1 /* Build configuration list for PBXProject "Peripheral" */;
			compatibilityVersion = "Xcode 3.2";
			developmentRegion = English;
			hasScannedForEncodings = 0;
			knownRegions = (
				en,
				Base,
			);
			mainGroup = A902DCA21CBAAB3B008620D1;
			productRefGroup = A902DCAC1CBAAB3B008620D1 /* Products */;
			projectDirPath = "";
			projectRoot = "";
			targets = (
				A902DCAA1CBAAB3B008620D1 /* Peripheral */,
			);
		};
/* End PBXProject section */

/* Begin PBXResourcesBuildPhase section */
		A902DCA91CBAAB3B008620D1 /* Resources */ = {
			isa = PBXResourcesBuildPhase;
			buildActionMask = 2147483647;
			files = (
				A902DCB31CBAAB3B008620D1 /* Assets.xcassets in Resources */,
				A902DCB61CBAAB3B008620D1 /* Main.storyboard in Resources */,
			);
			runOnlyForDeploymentPostprocessing = 0;
		};
/* End PBXResourcesBuildPhase section */

/* Begin PBXSourcesBuildPhase section */
		A902DCA71CBAAB3B008620D1 /* Sources */ = {
			isa = PBXSourcesBuildPhase;
			buildActionMask = 2147483647;
			files = (
				A902DCB11CBAAB3B008620D1 /* ViewController.swift in Sources */,
				A902DCAF1CBAAB3B008620D1 /* AppDelegate.swift in Sources */,
			);
			runOnlyForDeploymentPostprocessing = 0;
		};
/* End PBXSourcesBuildPhase section */

/* Begin PBXVariantGroup section */
		A902DCB41CBAAB3B008620D1 /* Main.storyboard */ = {
			isa = PBXVariantGroup;
			children = (
				A902DCB51CBAAB3B008620D1 /* Base */,
			);
			name = Main.storyboard;
			sourceTree = "<group>";
		};
/* End PBXVariantGroup section */

/* Begin XCBuildConfiguration section */
		A902DCB81CBAAB3B008620D1 /* Debug */ = {
			isa = XCBuildConfiguration;
			buildSettings = {
				ALWAYS_SEARCH_USER_PATHS = NO;
				CLANG_ANALYZER_NONNULL = YES;
				CLANG_CXX_LANGUAGE_STANDARD = "gnu++0x";
				CLANG_CXX_LIBRARY = "libc++";
				CLANG_ENABLE_MODULES = YES;
				CLANG_ENABLE_OBJC_ARC = YES;
				CLANG_WARN_BOOL_CONVERSION = YES;
				CLANG_WARN_CONSTANT_CONVERSION = YES;
				CLANG_WARN_DIRECT_OBJC_ISA_USAGE = YES_ERROR;
				CLANG_WARN_EMPTY_BODY = YES;
				CLANG_WARN_ENUM_CONVERSION = YES;
				CLANG_WARN_INT_CONVERSION = YES;
				CLANG_WARN_OBJC_ROOT_CLASS = YES_ERROR;
				CLANG_WARN_UNREACHABLE_CODE = YES;
				CLANG_WARN__DUPLICATE_METHOD_MATCH = YES;
				CODE_SIGN_IDENTITY = "-";
				COPY_PHASE_STRIP = NO;
				DEBUG_INFORMATION_FORMAT = dwarf;
				ENABLE_STRICT_OBJC_MSGSEND = YES;
				ENABLE_TESTABILITY = YES;
				GCC_C_LANGUAGE_STANDARD = gnu99;
				GCC_DYNAMIC_NO_PIC = NO;
				GCC_NO_COMMON_BLOCKS = YES;
				GCC_OPTIMIZATION_LEVEL = 0;
				GCC_PREPROCESSOR_DEFINITIONS = (
					"DEBUG=1",
					"$(inherited)",
				);
				GCC_WARN_64_TO_32_BIT_CONVERSION = YES;
				GCC_WARN_ABOUT_RETURN_TYPE = YES_ERROR;
				GCC_WARN_UNDECLARED_SELECTOR = YES;
				GCC_WARN_UNINITIALIZED_AUTOS = YES_AGGRESSIVE;
				GCC_WARN_UNUSED_FUNCTION = YES;
				GCC_WARN_UNUSED_VARIABLE = YES;
				MACOSX_DEPLOYMENT_TARGET = 10.11;
				MTL_ENABLE_DEBUG_INFO = YES;
				ONLY_ACTIVE_ARCH = YES;
				SDKROOT = macosx;
				SWIFT_OPTIMIZATION_LEVEL = "-Onone";
			};
			name = Debug;
		};
		A902DCB91CBAAB3B008620D1 /* Release */ = {
			isa = XCBuildConfiguration;
			buildSettings = {
				ALWAYS_SEARCH_USER_PATHS = NO;
				CLANG_ANALYZER_NONNULL = YES;
				CLANG_CXX_LANGUAGE_STANDARD = "gnu++0x";
				CLANG_CXX_LIBRARY = "libc++";
				CLANG_ENABLE_MODULES = YES;
				CLANG_ENABLE_OBJC_ARC = YES;
				CLANG_WARN_BOOL_CONVERSION = YES;
				CLANG_WARN_CONSTANT_CONVERSION = YES;
				CLANG_WARN_DIRECT_OBJC_ISA_USAGE = YES_ERROR;
				CLANG_WARN_EMPTY_BODY = YES;
				CLANG_WARN_ENUM_CONVERSION = YES;
				CLANG_WARN_INT_CONVERSION = YES;
				CLANG_WARN_OBJC_ROOT_CLASS = YES_ERROR;
				CLANG_WARN_UNREACHABLE_CODE = YES;
				CLANG_WARN__DUPLICATE_METHOD_MATCH = YES;
				CODE_SIGN_IDENTITY = "-";
				COPY_PHASE_STRIP = NO;
				DEBUG_INFORMATION_FORMAT = "dwarf-with-dsym";
				ENABLE_NS_ASSERTIONS = NO;
				ENABLE_STRICT_OBJC_MSGSEND = YES;
				GCC_C_LANGUAGE_STANDARD = gnu99;
				GCC_NO_COMMON_BLOCKS = YES;
				GCC_WARN_64_TO_32_BIT_CONVERSION = YES;
				GCC_WARN_ABOUT_RETURN_TYPE = YES_ERROR;
				GCC_WARN_UNDECLARED_SELECTOR = YES;
				GCC_WARN_UNINITIALIZED_AUTOS = YES_AGGRESSIVE;
				GCC_WARN_UNUSED_FUNCTION = YES;
				GCC_WARN_UNUSED_VARIABLE = YES;
				MACOSX_DEPLOYMENT_TARGET = 10.11;
				MTL_ENABLE_DEBUG_INFO = NO;
				SDKROOT = macosx;
			};
			name = Release;
		};
		A902DCBB1CBAAB3B008620D1 /* Debug */ = {
			isa = XCBuildConfiguration;
			buildSettings = {
				ASSETCATALOG_COMPILER_APPICON_NAME = AppIcon;
				COMBINE_HIDPI_IMAGES = YES;
				INFOPLIST_FILE = Peripheral/Info.plist;
				LD_RUNPATH_SEARCH_PATHS = "$(inherited) @executable_path/../Frameworks";
				PRODUCT_BUNDLE_IDENTIFIER = com.github.gacko.Peripheral;
				PRODUCT_NAME = "$(TARGET_NAME)";
			};
			name = Debug;
		};
		A902DCBC1CBAAB3B008620D1 /* Release */ = {
			isa = XCBuildConfiguration;
			buildSettings = {
				ASSETCATALOG_COMPILER_APPICON_NAME = AppIcon;
				COMBINE_HIDPI_IMAGES = YES;
				INFOPLIST_FILE = Peripheral/Info.plist;
				LD_RUNPATH_SEARCH_PATHS = "$(inherited) @executable_path/../Frameworks";
				PRODUCT_BUNDLE_IDENTIFIER = com.github.gacko.Peripheral;
				PRODUCT_NAME = "$(TARGET_NAME)";
			};
			name = Release;
		};
/* End XCBuildConfiguration section */

/* Begin XCConfigurationList section */
		A902DCA61CBAAB3B008620D1 /* Build configuration list for PBXProject "Peripheral" */ = {
			isa = XCConfigurationList;
			buildConfigurations = (
				A902DCB81CBAAB3B008620D1 /* Debug */,
				A902DCB91CBAAB3B008620D1 /* Release */,
			);
			defaultConfigurationIsVisible = 0;
			defaultConfigurationName = Release;
		};
		A902DCBA1CBAAB3B008620D1 /* Build configuration list for PBXNativeTarget "Peripheral" */ = {
			isa = XCConfigurationList;
			buildConfigurations = (
				A902DCBB1CBAAB3B008620D1 /* Debug */,
				A902DCBC1CBAAB3B008620D1 /* Release */,
			);
			defaultConfigurationIsVisible = 0;
		};
/* End XCConfigurationList section */
	};
	rootObject = A902DCA31CBAAB3B008620D1 /* Project object */;
}
